
Microsoft Visual Studio Solution File, Format Version 11.00
# Visual Studio 2010
Project("{FAE04EC0-301F-11D3-BF4B-00C04F79EFBC}") = "ImageDetection", "Assembly-CSharp.csproj", "{EEBCE157-520A-C726-A9FD-AF6E668A313B}"
EndProject
Project("{FAE04EC0-301F-11D3-BF4B-00C04F79EFBC}") = "ImageDetection", "Assembly-CSharp-Editor.csproj", "{A4785207-1860-D007-0EA2-4FF2BB919912}"
EndProject
Global
	GlobalSection(SolutionConfigurationPlatforms) = preSolution
		Debug|Any CPU = Debug|Any CPU
		Release|Any CPU = Release|Any CPU
	EndGlobalSection
	GlobalSection(ProjectConfigurationPlatforms) = postSolution
		{EEBCE157-520A-C726-A9FD-AF6E668A313B}.Debug|Any CPU.ActiveCfg = Debug|Any CPU
		{EEBCE157-520A-C726-A9FD-AF6E668A313B}.Debug|Any CPU.Build.0 = Debug|Any CPU
		{EEBCE157-520A-C726-A9FD-AF6E668A313B}.Release|Any CPU.ActiveCfg = Release|Any CPU
		{EEBCE157-520A-C726-A9FD-AF6E668A313B}.Release|Any CPU.Build.0 = Release|Any CPU
		{A4785207-1860-D007-0EA2-4FF2BB919912}.Debug|Any CPU.ActiveCfg = Debug|Any CPU
		{A4785207-1860-D007-0EA2-4FF2BB919912}.Debug|Any CPU.Build.0 = Debug|Any CPU
		{A4785207-1860-D007-0EA2-4FF2BB919912}.Release|Any CPU.ActiveCfg = Release|Any CPU
		{A4785207-1860-D007-0EA2-4FF2BB919912}.Release|Any CPU.Build.0 = Release|Any CPU
	EndGlobalSection
	GlobalSection(SolutionProperties) = preSolution
		HideSolutionNode = FALSE
	EndGlobalSection
	GlobalSection(MonoDevelopProperties) = preSolution
		StartupItem = Assembly-CSharp.csproj
	EndGlobalSection
EndGlobal
